github.com/cosmtrek/air v1.40.4 h1:AjSlvS7IofbSf4m0BkJLm6TnBlfREwkJ9eCmLR3FLHc=
github.com/cosmtrek/air v1.40.4/go.mod h1:Urz3nl9UBvc/rntZkXRBttYWt4sBeh2NZaGcdBbkNak=
github.com/creack/pty v1.1.18 h1:n56/Zwd5o6whRC5PMGretI4IdRLlmBXYNjScPaBgsbY=
github.com/creack/pty v1.1.18/go.mod h1:MOBLtS5ELjhRRrroQr9kyvTxUAFNvYEK993ew/Vr4O4=
github.com/fatih/color v1.13.0 h1:8LOYc1KYPPmyKMuN8QV2DNRWNbLo6LZ0iLs8+mlH53w=
github.com/fatih/color v1.13.0/go.mod h1:kLAiJbzzSOZDVNGyDpeOxJ47H46qBXwg5ILebYFFOfk=
github.com/fsnotify/fsnotify v1.6.0 h1:n+5WquG0fcWoWp6xPWfHdbskMCQaFnG6PfBrh1Ky4HY=
github.com/fsnotify/fsnotify v1.6.0/go.mod h1:sl3t1tCWJFWoRz9R8WJCbQihKKwmorjAbSClcnxKAGw=
github.com/imdario/mergo v0.3.13 h1:lFzP57bqS/wsqKssCGmtLAb8A0wKjLGrve2q3PPVcBk=
github.com/imdario/mergo v0.3.13/go.mod h1:4lJ1jqUDcsbIECGy0RUJAXNIhg+6ocWgb1ALK2O4oXg=
github.com/mattn/go-colorable v0.1.9/go.mod h1:u6P/XSegPjTcexA+o6vUJrdnUu04hMope9wVRipJSqc=
github.com/mattn/go-colorable v0.1.13 h1:fFA4WZxdEF4tXPZVKMLwD8oUnCTTo08duU7wxecdEvA=
github.com/mattn/go-colorable v0.1.13/go.mod h1:7S9/ev0klgBDR4GtXTXX8a3vIGJpMovkB8vQcUbaXHg=
github.com/mattn/go-isatty v0.0.12/go.mod h1:cbi8OIDigv2wuxKPP5vlRcQ1OAZbq2CE4Kysco4FUpU=
github.com/mattn/go-isatty v0.0.14/go.mod h1:7GGIvUiUoEMVVmxf/4nioHXj79iQHKdU27kJ6hsGG94=
github.com/mattn/go-isatty v0.0.16 h1:bq3VjFmv/sOjHtdEhmkEV4x1AJtvUvOJ2PFAZ5+peKQ=
github.com/mattn/go-isatty v0.0.16/go.mod h1:kYGgaQfpe5nmfYZH+SKPsOc2e4SrIfOl2e/yFXSvRLM=
github.com/pelletier/go-toml v1.9.5 h1:4yBQzkHv+7BHq2PQUZF3Mx0IYxG7LsP222s7Agd3ve8=
github.com/pelletier/go-toml v1.9.5/go.mod h1:u1nR/EPcESfeI/szUZKdtJ0xRNbUoANCkoOuaOx1Y+c=
golang.org/x/sys v0.0.0-20200116001909-b77594299b42/go.mod h1:h1NjWce9XRLGQEsW7wpKNCjG9DtNlClVuFLEZdDNbEs=
golang.org/x/sys v0.0.0-20200223170610-d5e6a3e2c0ae/go.mod h1:h1NjWce9XRLGQEsW7wpKNCjG9DtNlClVuFLEZdDNbEs=
golang.org/x/sys v0.0.0-20210630005230-0f9fa26af87c/go.mod h1:oPkhp1MJrh7nUepCBck5+mAzfO9JrbApNNgaTdGDITg=
golang.org/x/sys v0.0.0-20220811171246-fbc7d0a398ab/go.mod h1:oPkhp1MJrh7nUepCBck5+mAzfO9JrbApNNgaTdGDITg=
golang.org/x/sys v0.0.0-20220908164124-27713097b956/go.mod h1:oPkhp1MJrh7nUepCBck5+mAzfO9JrbApNNgaTdGDITg=
golang.org/x/sys v0.1.0 h1:kunALQeHf1/185U1i0GOB/fy1IPRDDpuoOOqRReG57U=
golang.org/x/sys v0.1.0/go.mod h1:oPkhp1MJrh7nUepCBck5+mAzfO9JrbApNNgaTdGDITg=
gopkg.in/check.v1 v0.0.0-20161208181325-20d25e280405/go.mod h1:Co6ibVJAznAaIkqp8huTwlJQCZ016jof/cbN4VW5Yz0=
gopkg.in/yaml.v3 v3.0.0/go.mod h1:K4uyk7z7BCEPqu6E+C64Yfv1cQ7kz7rIZviUmN+EgEM=
